
Microsoft Visual Studio Solution File, Format Version 12.00
# Visual Studio Version 17
VisualStudioVersion = 17.8.34525.116
MinimumVisualStudioVersion = 10.0.40219.1
Project("{FAE04EC0-301F-11D3-BF4B-00C04F79EFBC}") = "POLNIY TRESH PROISHODIT NIKTO NICHEGO NE PONIMAET", "POLNIY TRESH PROISHODIT NIKTO NICHEGO NE PONIMAET\POLNIY TRESH PROISHODIT NIKTO NICHEGO NE PONIMAET.csproj", "{E103780D-B693-4655-B9BF-D68FFC097D0C}"
EndProject
Global
	GlobalSection(SolutionConfigurationPlatforms) = preSolution
		Debug|Any CPU = Debug|Any CPU
		Release|Any CPU = Release|Any CPU
	EndGlobalSection
	GlobalSection(ProjectConfigurationPlatforms) = postSolution
		{E103780D-B693-4655-B9BF-D68FFC097D0C}.Debug|Any CPU.ActiveCfg = Debug|Any CPU
		{E103780D-B693-4655-B9BF-D68FFC097D0C}.Debug|Any CPU.Build.0 = Debug|Any CPU
		{E103780D-B693-4655-B9BF-D68FFC097D0C}.Release|Any CPU.ActiveCfg = Release|Any CPU
		{E103780D-B693-4655-B9BF-D68FFC097D0C}.Release|Any CPU.Build.0 = Release|Any CPU
	EndGlobalSection
	GlobalSection(SolutionProperties) = preSolution
		HideSolutionNode = FALSE
	EndGlobalSection
	GlobalSection(ExtensibilityGlobals) = postSolution
		SolutionGuid = {2C35FCC5-4504-4999-B8E9-0E07F8B75463}
	EndGlobalSection
EndGlobal
